# This file is generated by running "yarn install" inside your project.
# Manual changes might be lost - proceed with caution!

__metadata:
  version: 8
  cacheKey: 10c0

"@awesome.me/kit-716363f27b@npm:^1.0.8":
  version: 1.0.8
  resolution: "@awesome.me/kit-716363f27b@npm:1.0.8::__archiveUrl=https%3A%2F%2Fnpm.fontawesome.com%2F%40awesome.me%2Fkit-716363f27b%2F-%2F1.0.8%2Fkit-716363f27b-1.0.8.tgz"
  dependencies:
    "@fortawesome/fontawesome-common-types": "npm:^6.7.2"
  checksum: 10c0/7af8e2a73913d476fe2637838a4d87d1b0ddadbe14bd0d8fb39b0736109d6eac102cc123aa0b8c6976e06f4d9e11cd076bd6ed30aac58fe2abe3b0310cd8f3ff
  languageName: node
  linkType: hard

"@fortawesome/fontawesome-common-types@npm:^6.7.2":
  version: 6.7.2
  resolution: "@fortawesome/fontawesome-common-types@npm:6.7.2::__archiveUrl=https%3A%2F%2Fnpm.fontawesome.com%2F%40fortawesome%2Ffontawesome-common-types%2F-%2F6.7.2%2Ffontawesome-common-types-6.7.2.tgz"
  checksum: 10c0/0785df560542d9c08a0ba07bb7a39902274a3cd65c018672eb2520a99efccce18bdb7f7f4b1c6089763bc5627bf0f0837c3af963a8427eaeb535bd57c820a723
  languageName: node
  linkType: hard

"studio-zdr-icons@workspace:.":
  version: 0.0.0-use.local
  resolution: "studio-zdr-icons@workspace:."
  dependencies:
    "@awesome.me/kit-716363f27b": "npm:^1.0.8"
  languageName: unknown
  linkType: soft
