
Microsoft Visual Studio Solution File, Format Version 12.00
# Visual Studio Version 17
VisualStudioVersion = 17.1.32421.90
MinimumVisualStudioVersion = 10.0.40219.1
Project("{9A19103F-16F7-4668-BE54-9A1E7A4F7556}") = "StudioZDR.UI.Avalonia", "StudioZDR.UI.Avalonia\StudioZDR.UI.Avalonia.csproj", "{FE377723-3B46-402C-BC3A-27021A397BCC}"
EndProject
Project("{9A19103F-16F7-4668-BE54-9A1E7A4F7556}") = "StudioZDR.App", "StudioZDR.App\StudioZDR.App.csproj", "{7C940168-384C-4E41-AA87-2C9EEF8D402D}"
EndProject
Project("{2150E333-8FDC-42A3-9474-1A3956D46DE8}") = "MercuryEngine.Data", "MercuryEngine.Data", "{839A3961-7506-4151-98E6-579607302E0E}"
EndProject
Project("{9A19103F-16F7-4668-BE54-9A1E7A4F7556}") = "MercuryEngine.Data", "MercuryEngine.Data\src\MercuryEngine.Data\MercuryEngine.Data.csproj", "{55A3C429-F4A6-47DB-A906-CC8ABFED89CD}"
EndProject
Project("{9A19103F-16F7-4668-BE54-9A1E7A4F7556}") = "MercuryEngine.Data.Core", "MercuryEngine.Data\src\MercuryEngine.Data.Core\MercuryEngine.Data.Core.csproj", "{CAE6EDE0-F5D1-401F-BFE0-98ABB288B39C}"
EndProject
Project("{9A19103F-16F7-4668-BE54-9A1E7A4F7556}") = "MercuryEngine.Data.Definitions", "MercuryEngine.Data\src\MercuryEngine.Data.Definitions\MercuryEngine.Data.Definitions.csproj", "{62107C8A-5C7C-4D14-BC07-6C9B6F4DBE0B}"
EndProject
Project("{9A19103F-16F7-4668-BE54-9A1E7A4F7556}") = "MercuryEngine.Data.Types", "MercuryEngine.Data\src\MercuryEngine.Data.Types\MercuryEngine.Data.Types.csproj", "{5B3034AB-364F-4939-B3EB-BEEC2818BF16}"
EndProject
Project("{9A19103F-16F7-4668-BE54-9A1E7A4F7556}") = "MercuryEngine.Data.Tests", "MercuryEngine.Data\test\MercuryEngine.Data.Tests\MercuryEngine.Data.Tests.csproj", "{D21C7525-F9BF-4077-AD8F-73D5BD9110E9}"
EndProject
Project("{2150E333-8FDC-42A3-9474-1A3956D46DE8}") = "tests", "tests", "{1C479344-E2CD-4312-B37E-101DF1C18724}"
EndProject
Project("{9A19103F-16F7-4668-BE54-9A1E7A4F7556}") = "MercuryEngine.Data.SourceGenerators", "MercuryEngine.Data\src\MercuryEngine.Data.SourceGenerators\MercuryEngine.Data.SourceGenerators.csproj", "{07F90CF6-EDE7-4968-A4C0-A94B1B2CD5D1}"
EndProject
Project("{FAE04EC0-301F-11D3-BF4B-00C04F79EFBC}") = "MercuryEngine.Data.Core.Tests", "MercuryEngine.Data\test\MercuryEngine.Data.Core.Tests\MercuryEngine.Data.Core.Tests.csproj", "{64AF3C71-A182-4FD4-81D6-450A3B62A59D}"
EndProject
Project("{2150E333-8FDC-42A3-9474-1A3956D46DE8}") = "Solution Items", "Solution Items", "{F3431306-0408-470A-9BA3-A5F531C82021}"
	ProjectSection(SolutionItems) = preProject
		Directory.Build.props = Directory.Build.props
	EndProjectSection
EndProject
Project("{FAE04EC0-301F-11D3-BF4B-00C04F79EFBC}") = "StudioZDR.TegraSwizzle", "StudioZDR.TegraSwizzle\StudioZDR.TegraSwizzle.csproj", "{54C35FC2-1EEE-4D2E-AE15-E4D0479E5E1A}"
EndProject
Global
	GlobalSection(SolutionConfigurationPlatforms) = preSolution
		Debug|Any CPU = Debug|Any CPU
		Release|Any CPU = Release|Any CPU
	EndGlobalSection
	GlobalSection(ProjectConfigurationPlatforms) = postSolution
		{FE377723-3B46-402C-BC3A-27021A397BCC}.Debug|Any CPU.ActiveCfg = Debug|Any CPU
		{FE377723-3B46-402C-BC3A-27021A397BCC}.Debug|Any CPU.Build.0 = Debug|Any CPU
		{FE377723-3B46-402C-BC3A-27021A397BCC}.Release|Any CPU.ActiveCfg = Release|Any CPU
		{FE377723-3B46-402C-BC3A-27021A397BCC}.Release|Any CPU.Build.0 = Release|Any CPU
		{7C940168-384C-4E41-AA87-2C9EEF8D402D}.Debug|Any CPU.ActiveCfg = Debug|Any CPU
		{7C940168-384C-4E41-AA87-2C9EEF8D402D}.Debug|Any CPU.Build.0 = Debug|Any CPU
		{7C940168-384C-4E41-AA87-2C9EEF8D402D}.Release|Any CPU.ActiveCfg = Release|Any CPU
		{7C940168-384C-4E41-AA87-2C9EEF8D402D}.Release|Any CPU.Build.0 = Release|Any CPU
		{55A3C429-F4A6-47DB-A906-CC8ABFED89CD}.Debug|Any CPU.ActiveCfg = Debug|Any CPU
		{55A3C429-F4A6-47DB-A906-CC8ABFED89CD}.Debug|Any CPU.Build.0 = Debug|Any CPU
		{55A3C429-F4A6-47DB-A906-CC8ABFED89CD}.Release|Any CPU.ActiveCfg = Release|Any CPU
		{55A3C429-F4A6-47DB-A906-CC8ABFED89CD}.Release|Any CPU.Build.0 = Release|Any CPU
		{CAE6EDE0-F5D1-401F-BFE0-98ABB288B39C}.Debug|Any CPU.ActiveCfg = Debug|Any CPU
		{CAE6EDE0-F5D1-401F-BFE0-98ABB288B39C}.Debug|Any CPU.Build.0 = Debug|Any CPU
		{CAE6EDE0-F5D1-401F-BFE0-98ABB288B39C}.Release|Any CPU.ActiveCfg = Release|Any CPU
		{CAE6EDE0-F5D1-401F-BFE0-98ABB288B39C}.Release|Any CPU.Build.0 = Release|Any CPU
		{62107C8A-5C7C-4D14-BC07-6C9B6F4DBE0B}.Debug|Any CPU.ActiveCfg = Debug|Any CPU
		{62107C8A-5C7C-4D14-BC07-6C9B6F4DBE0B}.Debug|Any CPU.Build.0 = Debug|Any CPU
		{62107C8A-5C7C-4D14-BC07-6C9B6F4DBE0B}.Release|Any CPU.ActiveCfg = Release|Any CPU
		{62107C8A-5C7C-4D14-BC07-6C9B6F4DBE0B}.Release|Any CPU.Build.0 = Release|Any CPU
		{5B3034AB-364F-4939-B3EB-BEEC2818BF16}.Debug|Any CPU.ActiveCfg = Debug|Any CPU
		{5B3034AB-364F-4939-B3EB-BEEC2818BF16}.Debug|Any CPU.Build.0 = Debug|Any CPU
		{5B3034AB-364F-4939-B3EB-BEEC2818BF16}.Release|Any CPU.ActiveCfg = Release|Any CPU
		{5B3034AB-364F-4939-B3EB-BEEC2818BF16}.Release|Any CPU.Build.0 = Release|Any CPU
		{D21C7525-F9BF-4077-AD8F-73D5BD9110E9}.Debug|Any CPU.ActiveCfg = Debug|Any CPU
		{D21C7525-F9BF-4077-AD8F-73D5BD9110E9}.Debug|Any CPU.Build.0 = Debug|Any CPU
		{D21C7525-F9BF-4077-AD8F-73D5BD9110E9}.Release|Any CPU.ActiveCfg = Release|Any CPU
		{D21C7525-F9BF-4077-AD8F-73D5BD9110E9}.Release|Any CPU.Build.0 = Release|Any CPU
		{07F90CF6-EDE7-4968-A4C0-A94B1B2CD5D1}.Debug|Any CPU.ActiveCfg = Debug|Any CPU
		{07F90CF6-EDE7-4968-A4C0-A94B1B2CD5D1}.Debug|Any CPU.Build.0 = Debug|Any CPU
		{07F90CF6-EDE7-4968-A4C0-A94B1B2CD5D1}.Release|Any CPU.ActiveCfg = Release|Any CPU
		{07F90CF6-EDE7-4968-A4C0-A94B1B2CD5D1}.Release|Any CPU.Build.0 = Release|Any CPU
		{64AF3C71-A182-4FD4-81D6-450A3B62A59D}.Debug|Any CPU.ActiveCfg = Debug|Any CPU
		{64AF3C71-A182-4FD4-81D6-450A3B62A59D}.Debug|Any CPU.Build.0 = Debug|Any CPU
		{64AF3C71-A182-4FD4-81D6-450A3B62A59D}.Release|Any CPU.ActiveCfg = Release|Any CPU
		{64AF3C71-A182-4FD4-81D6-450A3B62A59D}.Release|Any CPU.Build.0 = Release|Any CPU
	EndGlobalSection
	GlobalSection(SolutionProperties) = preSolution
		HideSolutionNode = FALSE
	EndGlobalSection
	GlobalSection(NestedProjects) = preSolution
		{55A3C429-F4A6-47DB-A906-CC8ABFED89CD} = {839A3961-7506-4151-98E6-579607302E0E}
		{CAE6EDE0-F5D1-401F-BFE0-98ABB288B39C} = {839A3961-7506-4151-98E6-579607302E0E}
		{62107C8A-5C7C-4D14-BC07-6C9B6F4DBE0B} = {839A3961-7506-4151-98E6-579607302E0E}
		{5B3034AB-364F-4939-B3EB-BEEC2818BF16} = {839A3961-7506-4151-98E6-579607302E0E}
		{D21C7525-F9BF-4077-AD8F-73D5BD9110E9} = {1C479344-E2CD-4312-B37E-101DF1C18724}
		{1C479344-E2CD-4312-B37E-101DF1C18724} = {839A3961-7506-4151-98E6-579607302E0E}
		{07F90CF6-EDE7-4968-A4C0-A94B1B2CD5D1} = {839A3961-7506-4151-98E6-579607302E0E}
		{64AF3C71-A182-4FD4-81D6-450A3B62A59D} = {1C479344-E2CD-4312-B37E-101DF1C18724}
	EndGlobalSection
	GlobalSection(ExtensibilityGlobals) = postSolution
		SolutionGuid = {F6B7CE5F-E0F2-430D-A555-F4A0A63B59C7}
	EndGlobalSection
EndGlobal
